Microsoft Visual Studio Solution File, Format Version 12.00
# Visual Studio Version 17
VisualStudioVersion = 17.5.2.0
MinimumVisualStudioVersion = 10.0.40219.1
Project("{2150E333-8FDC-42A3-9474-1A3956D46DE8}") = "microservices-basketball", "microservices-basketball", "{8456BCA9-E949-986A-6C5C-E409FD9DBE95}"
EndProject
Project("{FAE04EC0-301F-11D3-BF4B-00C04F79EFBC}") = "TeamsService", "microservices-basketball\teams-service\TeamsService.csproj", "{2A85190D-FFBB-DEA5-05D9-B8594D3B8C7F}"
EndProject
Global
	GlobalSection(SolutionConfigurationPlatforms) = preSolution
		Debug|Any CPU = Debug|Any CPU
		Release|Any CPU = Release|Any CPU
	EndGlobalSection
	GlobalSection(ProjectConfigurationPlatforms) = postSolution
		{2A85190D-FFBB-DEA5-05D9-B8594D3B8C7F}.Debug|Any CPU.ActiveCfg = Debug|Any CPU
		{2A85190D-FFBB-DEA5-05D9-B8594D3B8C7F}.Debug|Any CPU.Build.0 = Debug|Any CPU
		{2A85190D-FFBB-DEA5-05D9-B8594D3B8C7F}.Release|Any CPU.ActiveCfg = Release|Any CPU
		{2A85190D-FFBB-DEA5-05D9-B8594D3B8C7F}.Release|Any CPU.Build.0 = Release|Any CPU
	EndGlobalSection
	GlobalSection(SolutionProperties) = preSolution
		HideSolutionNode = FALSE
	EndGlobalSection
	GlobalSection(NestedProjects) = preSolution
		{2A85190D-FFBB-DEA5-05D9-B8594D3B8C7F} = {8456BCA9-E949-986A-6C5C-E409FD9DBE95}
	EndGlobalSection
	GlobalSection(ExtensibilityGlobals) = postSolution
		SolutionGuid = {FB75A960-3B78-4490-943C-BF5489614F80}
	EndGlobalSection
EndGlobal
